// !$*UTF8*$!
{
	archiveVersion = 1;
	classes = {
	};
	objectVersion = 50;
	objects = {

/* Begin PBXBuildFile section */
		AE649BBB27E30AAA00AC9042 /* TimeProgressBarViewController.swift in Sources */ = {isa = PBXBuildFile; fileRef = AE649BBA27E30AAA00AC9042 /* TimeProgressBarViewController.swift */; };
		E86B31FA27DF633800F593A6 /* AppDelegate.swift in Sources */ = {isa = PBXBuildFile; fileRef = E86B31F927DF633800F593A6 /* AppDelegate.swift */; };
		E86B31FC27DF633800F593A6 /* SceneDelegate.swift in Sources */ = {isa = PBXBuildFile; fileRef = E86B31FB27DF633800F593A6 /* SceneDelegate.swift */; };
		E86B31FE27DF633800F593A6 /* ViewController.swift in Sources */ = {isa = PBXBuildFile; fileRef = E86B31FD27DF633800F593A6 /* ViewController.swift */; };
		E86B320127DF633800F593A6 /* Main.storyboard in Resources */ = {isa = PBXBuildFile; fileRef = E86B31FF27DF633800F593A6 /* Main.storyboard */; };
		E86B320327DF633900F593A6 /* Assets.xcassets in Resources */ = {isa = PBXBuildFile; fileRef = E86B320227DF633900F593A6 /* Assets.xcassets */; };
		E86B320627DF633900F593A6 /* LaunchScreen.storyboard in Resources */ = {isa = PBXBuildFile; fileRef = E86B320427DF633900F593A6 /* LaunchScreen.storyboard */; };
		E86B320F27E03F3B00F593A6 /* SelectModeViewController.swift in Sources */ = {isa = PBXBuildFile; fileRef = E86B320E27E03F3B00F593A6 /* SelectModeViewController.swift */; };
		E89A4ED727E19F2100AEC562 /* PlayViewController.swift in Sources */ = {isa = PBXBuildFile; fileRef = E89A4ED627E19F2100AEC562 /* PlayViewController.swift */; };
/* End PBXBuildFile section */

/* Begin PBXFileReference section */
		AE649BBA27E30AAA00AC9042 /* TimeProgressBarViewController.swift */ = {isa = PBXFileReference; lastKnownFileType = sourcecode.swift; path = TimeProgressBarViewController.swift; sourceTree = "<group>"; };
		E86B31F627DF633800F593A6 /* WrongAnswer.app */ = {isa = PBXFileReference; explicitFileType = wrapper.application; includeInIndex = 0; path = WrongAnswer.app; sourceTree = BUILT_PRODUCTS_DIR; };
		E86B31F927DF633800F593A6 /* AppDelegate.swift */ = {isa = PBXFileReference; lastKnownFileType = sourcecode.swift; path = AppDelegate.swift; sourceTree = "<group>"; };
		E86B31FB27DF633800F593A6 /* SceneDelegate.swift */ = {isa = PBXFileReference; lastKnownFileType = sourcecode.swift; path = SceneDelegate.swift; sourceTree = "<group>"; };
		E86B31FD27DF633800F593A6 /* ViewController.swift */ = {isa = PBXFileReference; lastKnownFileType = sourcecode.swift; path = ViewController.swift; sourceTree = "<group>"; };
		E86B320027DF633800F593A6 /* Base */ = {isa = PBXFileReference; lastKnownFileType = file.storyboard; name = Base; path = Base.lproj/Main.storyboard; sourceTree = "<group>"; };
		E86B320227DF633900F593A6 /* Assets.xcassets */ = {isa = PBXFileReference; lastKnownFileType = folder.assetcatalog; path = Assets.xcassets; sourceTree = "<group>"; };
		E86B320527DF633900F593A6 /* Base */ = {isa = PBXFileReference; lastKnownFileType = file.storyboard; name = Base; path = Base.lproj/LaunchScreen.storyboard; sourceTree = "<group>"; };
		E86B320727DF633900F593A6 /* Info.plist */ = {isa = PBXFileReference; lastKnownFileType = text.plist.xml; path = Info.plist; sourceTree = "<group>"; };
		E86B320E27E03F3B00F593A6 /* SelectModeViewController.swift */ = {isa = PBXFileReference; lastKnownFileType = sourcecode.swift; path = SelectModeViewController.swift; sourceTree = "<group>"; };
		E89A4ED627E19F2100AEC562 /* PlayViewController.swift */ = {isa = PBXFileReference; lastKnownFileType = sourcecode.swift; path = PlayViewController.swift; sourceTree = "<group>"; };
/* End PBXFileReference section */

/* Begin PBXFrameworksBuildPhase section */
		E86B31F327DF633800F593A6 /* Frameworks */ = {
			isa = PBXFrameworksBuildPhase;
			buildActionMask = 2147483647;
			files = (
			);
			runOnlyForDeploymentPostprocessing = 0;
		};
/* End PBXFrameworksBuildPhase section */

/* Begin PBXGroup section */
		E86B31ED27DF633800F593A6 = {
			isa = PBXGroup;
			children = (
				E86B31F827DF633800F593A6 /* WrongAnswer */,
				E86B31F727DF633800F593A6 /* Products */,
			);
			sourceTree = "<group>";
		};
		E86B31F727DF633800F593A6 /* Products */ = {
			isa = PBXGroup;
			children = (
				E86B31F627DF633800F593A6 /* WrongAnswer.app */,
			);
			name = Products;
			sourceTree = "<group>";
		};
		E86B31F827DF633800F593A6 /* WrongAnswer */ = {
			isa = PBXGroup;
			children = (
				AE649BBA27E30AAA00AC9042 /* TimeProgressBarViewController.swift */,
				E86B31F927DF633800F593A6 /* AppDelegate.swift */,
				E86B31FB27DF633800F593A6 /* SceneDelegate.swift */,
				E86B31FD27DF633800F593A6 /* ViewController.swift */,
				E89A4ED627E19F2100AEC562 /* PlayViewController.swift */,
				E86B320E27E03F3B00F593A6 /* SelectModeViewController.swift */,
				E86B31FF27DF633800F593A6 /* Main.storyboard */,
				E86B320227DF633900F593A6 /* Assets.xcassets */,
				E86B320427DF633900F593A6 /* LaunchScreen.storyboard */,
				E86B320727DF633900F593A6 /* Info.plist */,
			);
			path = WrongAnswer;
			sourceTree = "<group>";
		};
/* End PBXGroup section */

/* Begin PBXNativeTarget section */
		E86B31F527DF633800F593A6 /* WrongAnswer */ = {
			isa = PBXNativeTarget;
			buildConfigurationList = E86B320A27DF633900F593A6 /* Build configuration list for PBXNativeTarget "WrongAnswer" */;
			buildPhases = (
				E86B31F227DF633800F593A6 /* Sources */,
				E86B31F327DF633800F593A6 /* Frameworks */,
				E86B31F427DF633800F593A6 /* Resources */,
			);
			buildRules = (
			);
			dependencies = (
			);
			name = WrongAnswer;
			productName = WrongAnswer;
			productReference = E86B31F627DF633800F593A6 /* WrongAnswer.app */;
			productType = "com.apple.product-type.application";
		};
/* End PBXNativeTarget section */

/* Begin PBXProject section */
		E86B31EE27DF633800F593A6 /* Project object */ = {
			isa = PBXProject;
			attributes = {
				LastSwiftUpdateCheck = 1240;
				LastUpgradeCheck = 1240;
				TargetAttributes = {
					E86B31F527DF633800F593A6 = {
						CreatedOnToolsVersion = 12.4;
					};
				};
			};
			buildConfigurationList = E86B31F127DF633800F593A6 /* Build configuration list for PBXProject "WrongAnswer" */;
			compatibilityVersion = "Xcode 9.3";
			developmentRegion = en;
			hasScannedForEncodings = 0;
			knownRegions = (
				en,
				Base,
			);
			mainGroup = E86B31ED27DF633800F593A6;
			productRefGroup = E86B31F727DF633800F593A6 /* Products */;
			projectDirPath = "";
			projectRoot = "";
			targets = (
				E86B31F527DF633800F593A6 /* WrongAnswer */,
			);
		};
/* End PBXProject section */

/* Begin PBXResourcesBuildPhase section */
		E86B31F427DF633800F593A6 /* Resources */ = {
			isa = PBXResourcesBuildPhase;
			buildActionMask = 2147483647;
			files = (
				E86B320627DF633900F593A6 /* LaunchScreen.storyboard in Resources */,
				E86B320327DF633900F593A6 /* Assets.xcassets in Resources */,
				E86B320127DF633800F593A6 /* Main.storyboard in Resources */,
			);
			runOnlyForDeploymentPostprocessing = 0;
		};
/* End PBXResourcesBuildPhase section */

/* Begin PBXSourcesBuildPhase section */
		E86B31F227DF633800F593A6 /* Sources */ = {
			isa = PBXSourcesBuildPhase;
			buildActionMask = 2147483647;
			files = (
				E86B31FE27DF633800F593A6 /* ViewController.swift in Sources */,
				E89A4ED727E19F2100AEC562 /* PlayViewController.swift in Sources */,
				AE649BBB27E30AAA00AC9042 /* TimeProgressBarViewController.swift in Sources */,
				E86B320F27E03F3B00F593A6 /* SelectModeViewController.swift in Sources */,
				E86B31FA27DF633800F593A6 /* AppDelegate.swift in Sources */,
				E86B31FC27DF633800F593A6 /* SceneDelegate.swift in Sources */,
			);
			runOnlyForDeploymentPostprocessing = 0;
		};
/* End PBXSourcesBuildPhase section */

/* Begin PBXVariantGroup section */
		E86B31FF27DF633800F593A6 /* Main.storyboard */ = {
			isa = PBXVariantGroup;
			children = (
				E86B320027DF633800F593A6 /* Base */,
			);
			name = Main.storyboard;
			sourceTree = "<group>";
		};
		E86B320427DF633900F593A6 /* LaunchScreen.storyboard */ = {
			isa = PBXVariantGroup;
			children = (
				E86B320527DF633900F593A6 /* Base */,
			);
			name = LaunchScreen.storyboard;
			sourceTree = "<group>";
		};
/* End PBXVariantGroup section */

/* Begin XCBuildConfiguration section */
		E86B320827DF633900F593A6 /* Debug */ = {
			isa = XCBuildConfiguration;
			buildSettings = {
				ALWAYS_SEARCH_USER_PATHS = NO;
				CLANG_ANALYZER_NONNULL = YES;
				CLANG_ANALYZER_NUMBER_OBJECT_CONVERSION = YES_AGGRESSIVE;
				CLANG_CXX_LANGUAGE_STANDARD = "gnu++14";
				CLANG_CXX_LIBRARY = "libc++";
				CLANG_ENABLE_MODULES = YES;
				CLANG_ENABLE_OBJC_ARC = YES;
				CLANG_ENABLE_OBJC_WEAK = YES;
				CLANG_WARN_BLOCK_CAPTURE_AUTORELEASING = YES;
				CLANG_WARN_BOOL_CONVERSION = YES;
				CLANG_WARN_COMMA = YES;
				CLANG_WARN_CONSTANT_CONVERSION = YES;
				CLANG_WARN_DEPRECATED_OBJC_IMPLEMENTATIONS = YES;
				CLANG_WARN_DIRECT_OBJC_ISA_USAGE = YES_ERROR;
				CLANG_WARN_DOCUMENTATION_COMMENTS = YES;
				CLANG_WARN_EMPTY_BODY = YES;
				CLANG_WARN_ENUM_CONVERSION = YES;
				CLANG_WARN_INFINITE_RECURSION = YES;
				CLANG_WARN_INT_CONVERSION = YES;
				CLANG_WARN_NON_LITERAL_NULL_CONVERSION = YES;
				CLANG_WARN_OBJC_IMPLICIT_RETAIN_SELF = YES;
				CLANG_WARN_OBJC_LITERAL_CONVERSION = YES;
				CLANG_WARN_OBJC_ROOT_CLASS = YES_ERROR;
				CLANG_WARN_QUOTED_INCLUDE_IN_FRAMEWORK_HEADER = YES;
				CLANG_WARN_RANGE_LOOP_ANALYSIS = YES;
				CLANG_WARN_STRICT_PROTOTYPES = YES;
				CLANG_WARN_SUSPICIOUS_MOVE = YES;
				CLANG_WARN_UNGUARDED_AVAILABILITY = YES_AGGRESSIVE;
				CLANG_WARN_UNREACHABLE_CODE = YES;
				CLANG_WARN__DUPLICATE_METHOD_MATCH = YES;
				COPY_PHASE_STRIP = NO;
				DEBUG_INFORMATION_FORMAT = dwarf;
				ENABLE_STRICT_OBJC_MSGSEND = YES;
				ENABLE_TESTABILITY = YES;
				GCC_C_LANGUAGE_STANDARD = gnu11;
				GCC_DYNAMIC_NO_PIC = NO;
				GCC_NO_COMMON_BLOCKS = YES;
				GCC_OPTIMIZATION_LEVEL = 0;
				GCC_PREPROCESSOR_DEFINITIONS = (
					"DEBUG=1",
					"$(inherited)",
				);
				GCC_WARN_64_TO_32_BIT_CONVERSION = YES;
				GCC_WARN_ABOUT_RETURN_TYPE = YES_ERROR;
				GCC_WARN_UNDECLARED_SELECTOR = YES;
				GCC_WARN_UNINITIALIZED_AUTOS = YES_AGGRESSIVE;
				GCC_WARN_UNUSED_FUNCTION = YES;
				GCC_WARN_UNUSED_VARIABLE = YES;
				IPHONEOS_DEPLOYMENT_TARGET = 14.4;
				MTL_ENABLE_DEBUG_INFO = INCLUDE_SOURCE;
				MTL_FAST_MATH = YES;
				ONLY_ACTIVE_ARCH = YES;
				SDKROOT = iphoneos;
				SWIFT_ACTIVE_COMPILATION_CONDITIONS = DEBUG;
				SWIFT_OPTIMIZATION_LEVEL = "-Onone";
			};
			name = Debug;
		};
		E86B320927DF633900F593A6 /* Release */ = {
			isa = XCBuildConfiguration;
			buildSettings = {
				ALWAYS_SEARCH_USER_PATHS = NO;
				CLANG_ANALYZER_NONNULL = YES;
				CLANG_ANALYZER_NUMBER_OBJECT_CONVERSION = YES_AGGRESSIVE;
				CLANG_CXX_LANGUAGE_STANDARD = "gnu++14";
				CLANG_CXX_LIBRARY = "libc++";
				CLANG_ENABLE_MODULES = YES;
				CLANG_ENABLE_OBJC_ARC = YES;
				CLANG_ENABLE_OBJC_WEAK = YES;
				CLANG_WARN_BLOCK_CAPTURE_AUTORELEASING = YES;
				CLANG_WARN_BOOL_CONVERSION = YES;
				CLANG_WARN_COMMA = YES;
				CLANG_WARN_CONSTANT_CONVERSION = YES;
				CLANG_WARN_DEPRECATED_OBJC_IMPLEMENTATIONS = YES;
				CLANG_WARN_DIRECT_OBJC_ISA_USAGE = YES_ERROR;
				CLANG_WARN_DOCUMENTATION_COMMENTS = YES;
				CLANG_WARN_EMPTY_BODY = YES;
				CLANG_WARN_ENUM_CONVERSION = YES;
				CLANG_WARN_INFINITE_RECURSION = YES;
				CLANG_WARN_INT_CONVERSION = YES;
				CLANG_WARN_NON_LITERAL_NULL_CONVERSION = YES;
				CLANG_WARN_OBJC_IMPLICIT_RETAIN_SELF = YES;
				CLANG_WARN_OBJC_LITERAL_CONVERSION = YES;
				CLANG_WARN_OBJC_ROOT_CLASS = YES_ERROR;
				CLANG_WARN_QUOTED_INCLUDE_IN_FRAMEWORK_HEADER = YES;
				CLANG_WARN_RANGE_LOOP_ANALYSIS = YES;
				CLANG_WARN_STRICT_PROTOTYPES = YES;
				CLANG_WARN_SUSPICIOUS_MOVE = YES;
				CLANG_WARN_UNGUARDED_AVAILABILITY = YES_AGGRESSIVE;
				CLANG_WARN_UNREACHABLE_CODE = YES;
				CLANG_WARN__DUPLICATE_METHOD_MATCH = YES;
				COPY_PHASE_STRIP = NO;
				DEBUG_INFORMATION_FORMAT = "dwarf-with-dsym";
				ENABLE_NS_ASSERTIONS = NO;
				ENABLE_STRICT_OBJC_MSGSEND = YES;
				GCC_C_LANGUAGE_STANDARD = gnu11;
				GCC_NO_COMMON_BLOCKS = YES;
				GCC_WARN_64_TO_32_BIT_CONVERSION = YES;
				GCC_WARN_ABOUT_RETURN_TYPE = YES_ERROR;
				GCC_WARN_UNDECLARED_SELECTOR = YES;
				GCC_WARN_UNINITIALIZED_AUTOS = YES_AGGRESSIVE;
				GCC_WARN_UNUSED_FUNCTION = YES;
				GCC_WARN_UNUSED_VARIABLE = YES;
				IPHONEOS_DEPLOYMENT_TARGET = 14.4;
				MTL_ENABLE_DEBUG_INFO = NO;
				MTL_FAST_MATH = YES;
				SDKROOT = iphoneos;
				SWIFT_COMPILATION_MODE = wholemodule;
				SWIFT_OPTIMIZATION_LEVEL = "-O";
				VALIDATE_PRODUCT = YES;
			};
			name = Release;
		};
		E86B320B27DF633900F593A6 /* Debug */ = {
			isa = XCBuildConfiguration;
			buildSettings = {
				ASSETCATALOG_COMPILER_APPICON_NAME = AppIcon;
				ASSETCATALOG_COMPILER_GLOBAL_ACCENT_COLOR_NAME = AccentColor;
				CODE_SIGN_STYLE = Automatic;
				INFOPLIST_FILE = WrongAnswer/Info.plist;
				LD_RUNPATH_SEARCH_PATHS = (
					"$(inherited)",
					"@executable_path/Frameworks",
				);
				PRODUCT_BUNDLE_IDENTIFIER = com.monil.WrongAnswer;
				PRODUCT_NAME = "$(TARGET_NAME)";
				SWIFT_VERSION = 5.0;
				TARGETED_DEVICE_FAMILY = "1,2";
			};
			name = Debug;
		};
		E86B320C27DF633900F593A6 /* Release */ = {
			isa = XCBuildConfiguration;
			buildSettings = {
				ASSETCATALOG_COMPILER_APPICON_NAME = AppIcon;
				ASSETCATALOG_COMPILER_GLOBAL_ACCENT_COLOR_NAME = AccentColor;
				CODE_SIGN_STYLE = Automatic;
				INFOPLIST_FILE = WrongAnswer/Info.plist;
				LD_RUNPATH_SEARCH_PATHS = (
					"$(inherited)",
					"@executable_path/Frameworks",
				);
				PRODUCT_BUNDLE_IDENTIFIER = com.monil.WrongAnswer;
				PRODUCT_NAME = "$(TARGET_NAME)";
				SWIFT_VERSION = 5.0;
				TARGETED_DEVICE_FAMILY = "1,2";
			};
			name = Release;
		};
/* End XCBuildConfiguration section */

/* Begin XCConfigurationList section */
		E86B31F127DF633800F593A6 /* Build configuration list for PBXProject "WrongAnswer" */ = {
			isa = XCConfigurationList;
			buildConfigurations = (
				E86B320827DF633900F593A6 /* Debug */,
				E86B320927DF633900F593A6 /* Release */,
			);
			defaultConfigurationIsVisible = 0;
			defaultConfigurationName = Release;
		};
		E86B320A27DF633900F593A6 /* Build configuration list for PBXNativeTarget "WrongAnswer" */ = {
			isa = XCConfigurationList;
			buildConfigurations = (
				E86B320B27DF633900F593A6 /* Debug */,
				E86B320C27DF633900F593A6 /* Release */,
			);
			defaultConfigurationIsVisible = 0;
			defaultConfigurationName = Release;
		};
/* End XCConfigurationList section */
	};
	rootObject = E86B31EE27DF633800F593A6 /* Project object */;
}
